
Microsoft Visual Studio Solution File, Format Version 12.00
# Visual Studio 15
VisualStudioVersion = 15.0.28307.852
MinimumVisualStudioVersion = 10.0.40219.1
Project("{FAE04EC0-301F-11D3-BF4B-00C04F79EFBC}") = "methodsClass.cs", "methodsClass.cs\methodsClass.cs.csproj", "{5DA4892E-FFBF-4DA7-B554-4E4CFC06DDE4}"
EndProject
Global
	GlobalSection(SolutionConfigurationPlatforms) = preSolution
		Debug|Any CPU = Debug|Any CPU
		Release|Any CPU = Release|Any CPU
	EndGlobalSection
	GlobalSection(ProjectConfigurationPlatforms) = postSolution
		{5DA4892E-FFBF-4DA7-B554-4E4CFC06DDE4}.Debug|Any CPU.ActiveCfg = Debug|Any CPU
		{5DA4892E-FFBF-4DA7-B554-4E4CFC06DDE4}.Debug|Any CPU.Build.0 = Debug|Any CPU
		{5DA4892E-FFBF-4DA7-B554-4E4CFC06DDE4}.Release|Any CPU.ActiveCfg = Release|Any CPU
		{5DA4892E-FFBF-4DA7-B554-4E4CFC06DDE4}.Release|Any CPU.Build.0 = Release|Any CPU
	EndGlobalSection
	GlobalSection(SolutionProperties) = preSolution
		HideSolutionNode = FALSE
	EndGlobalSection
	GlobalSection(ExtensibilityGlobals) = postSolution
		SolutionGuid = {D1726291-D637-4928-AECF-D6F87DB7964F}
	EndGlobalSection
EndGlobal
