
Microsoft Visual Studio Solution File, Format Version 12.00
# Visual Studio 15
VisualStudioVersion = 15.0.28307.852
MinimumVisualStudioVersion = 10.0.40219.1
Project("{FAE04EC0-301F-11D3-BF4B-00C04F79EFBC}") = "struct137", "struct137\struct137.csproj", "{3A5A3721-242F-404C-B7D4-92CA17A9676F}"
EndProject
Global
	GlobalSection(SolutionConfigurationPlatforms) = preSolution
		Debug|Any CPU = Debug|Any CPU
		Release|Any CPU = Release|Any CPU
	EndGlobalSection
	GlobalSection(ProjectConfigurationPlatforms) = postSolution
		{3A5A3721-242F-404C-B7D4-92CA17A9676F}.Debug|Any CPU.ActiveCfg = Debug|Any CPU
		{3A5A3721-242F-404C-B7D4-92CA17A9676F}.Debug|Any CPU.Build.0 = Debug|Any CPU
		{3A5A3721-242F-404C-B7D4-92CA17A9676F}.Release|Any CPU.ActiveCfg = Release|Any CPU
		{3A5A3721-242F-404C-B7D4-92CA17A9676F}.Release|Any CPU.Build.0 = Release|Any CPU
	EndGlobalSection
	GlobalSection(SolutionProperties) = preSolution
		HideSolutionNode = FALSE
	EndGlobalSection
	GlobalSection(ExtensibilityGlobals) = postSolution
		SolutionGuid = {EA0868DB-114F-4C55-8AEA-619BC35FFF83}
	EndGlobalSection
EndGlobal
