
Microsoft Visual Studio Solution File, Format Version 12.00
# Visual Studio 15
VisualStudioVersion = 15.0.28307.852
MinimumVisualStudioVersion = 10.0.40219.1
Project("{FAE04EC0-301F-11D3-BF4B-00C04F79EFBC}") = "booleanWhile.cs", "booleanWhile.cs\booleanWhile.cs.csproj", "{E80FAE1E-9B07-490E-B3BD-0351A909E4F6}"
EndProject
Global
	GlobalSection(SolutionConfigurationPlatforms) = preSolution
		Debug|Any CPU = Debug|Any CPU
		Release|Any CPU = Release|Any CPU
	EndGlobalSection
	GlobalSection(ProjectConfigurationPlatforms) = postSolution
		{E80FAE1E-9B07-490E-B3BD-0351A909E4F6}.Debug|Any CPU.ActiveCfg = Debug|Any CPU
		{E80FAE1E-9B07-490E-B3BD-0351A909E4F6}.Debug|Any CPU.Build.0 = Debug|Any CPU
		{E80FAE1E-9B07-490E-B3BD-0351A909E4F6}.Release|Any CPU.ActiveCfg = Release|Any CPU
		{E80FAE1E-9B07-490E-B3BD-0351A909E4F6}.Release|Any CPU.Build.0 = Release|Any CPU
	EndGlobalSection
	GlobalSection(SolutionProperties) = preSolution
		HideSolutionNode = FALSE
	EndGlobalSection
	GlobalSection(ExtensibilityGlobals) = postSolution
		SolutionGuid = {08205244-4460-4FED-B836-4B1F991D4E11}
	EndGlobalSection
EndGlobal
