
Microsoft Visual Studio Solution File, Format Version 12.00
# Visual Studio 15
VisualStudioVersion = 15.0.28307.852
MinimumVisualStudioVersion = 10.0.40219.1
Project("{FAE04EC0-301F-11D3-BF4B-00C04F79EFBC}") = "BooleanWhileLoop.cs", "BooleanWhileLoop.cs\BooleanWhileLoop.cs.csproj", "{67C0F575-84BF-4829-A980-F4A2879C411C}"
EndProject
Global
	GlobalSection(SolutionConfigurationPlatforms) = preSolution
		Debug|Any CPU = Debug|Any CPU
		Release|Any CPU = Release|Any CPU
	EndGlobalSection
	GlobalSection(ProjectConfigurationPlatforms) = postSolution
		{67C0F575-84BF-4829-A980-F4A2879C411C}.Debug|Any CPU.ActiveCfg = Debug|Any CPU
		{67C0F575-84BF-4829-A980-F4A2879C411C}.Debug|Any CPU.Build.0 = Debug|Any CPU
		{67C0F575-84BF-4829-A980-F4A2879C411C}.Release|Any CPU.ActiveCfg = Release|Any CPU
		{67C0F575-84BF-4829-A980-F4A2879C411C}.Release|Any CPU.Build.0 = Release|Any CPU
	EndGlobalSection
	GlobalSection(SolutionProperties) = preSolution
		HideSolutionNode = FALSE
	EndGlobalSection
	GlobalSection(ExtensibilityGlobals) = postSolution
		SolutionGuid = {3B6FC0B2-82F1-4815-87B0-B509542AAAD9}
	EndGlobalSection
EndGlobal
