
Microsoft Visual Studio Solution File, Format Version 12.00
# Visual Studio 15
VisualStudioVersion = 15.0.28307.852
MinimumVisualStudioVersion = 10.0.40219.1
Project("{FAE04EC0-301F-11D3-BF4B-00C04F79EFBC}") = "tryCatchExceptions165", "tryCatchExceptions165\tryCatchExceptions165.csproj", "{48BA53B1-50CA-41AE-95CC-87C496AF6E86}"
EndProject
Global
	GlobalSection(SolutionConfigurationPlatforms) = preSolution
		Debug|Any CPU = Debug|Any CPU
		Release|Any CPU = Release|Any CPU
	EndGlobalSection
	GlobalSection(ProjectConfigurationPlatforms) = postSolution
		{48BA53B1-50CA-41AE-95CC-87C496AF6E86}.Debug|Any CPU.ActiveCfg = Debug|Any CPU
		{48BA53B1-50CA-41AE-95CC-87C496AF6E86}.Debug|Any CPU.Build.0 = Debug|Any CPU
		{48BA53B1-50CA-41AE-95CC-87C496AF6E86}.Release|Any CPU.ActiveCfg = Release|Any CPU
		{48BA53B1-50CA-41AE-95CC-87C496AF6E86}.Release|Any CPU.Build.0 = Release|Any CPU
	EndGlobalSection
	GlobalSection(SolutionProperties) = preSolution
		HideSolutionNode = FALSE
	EndGlobalSection
	GlobalSection(ExtensibilityGlobals) = postSolution
		SolutionGuid = {C52487C0-2BEE-44AC-A2BB-F36B620558F5}
	EndGlobalSection
EndGlobal
