
Microsoft Visual Studio Solution File, Format Version 12.00
# Visual Studio 15
VisualStudioVersion = 15.0.28307.852
MinimumVisualStudioVersion = 10.0.40219.1
Project("{FAE04EC0-301F-11D3-BF4B-00C04F79EFBC}") = "ExceptionHandling.cs", "ExceptionHandling.cs\ExceptionHandling.cs.csproj", "{231FA3F1-4F63-4CF6-80EF-F86107CAD5E3}"
EndProject
Global
	GlobalSection(SolutionConfigurationPlatforms) = preSolution
		Debug|Any CPU = Debug|Any CPU
		Release|Any CPU = Release|Any CPU
	EndGlobalSection
	GlobalSection(ProjectConfigurationPlatforms) = postSolution
		{231FA3F1-4F63-4CF6-80EF-F86107CAD5E3}.Debug|Any CPU.ActiveCfg = Debug|Any CPU
		{231FA3F1-4F63-4CF6-80EF-F86107CAD5E3}.Debug|Any CPU.Build.0 = Debug|Any CPU
		{231FA3F1-4F63-4CF6-80EF-F86107CAD5E3}.Release|Any CPU.ActiveCfg = Release|Any CPU
		{231FA3F1-4F63-4CF6-80EF-F86107CAD5E3}.Release|Any CPU.Build.0 = Release|Any CPU
	EndGlobalSection
	GlobalSection(SolutionProperties) = preSolution
		HideSolutionNode = FALSE
	EndGlobalSection
	GlobalSection(ExtensibilityGlobals) = postSolution
		SolutionGuid = {FA6BAC47-3106-4C25-9A35-CA4C90FD69A0}
	EndGlobalSection
EndGlobal
